// !$*UTF8*$!
{
	archiveVersion = 1;
	classes = {
	};
	objectVersion = 50;
	objects = {

/* Begin PBXBuildFile section */
		8ABD797B2802920F005167D5 /* Game.swift in Sources */ = {isa = PBXBuildFile; fileRef = 8ABD797A2802920F005167D5 /* Game.swift */; };
		8ABD797D28029479005167D5 /* DBHelper.swift in Sources */ = {isa = PBXBuildFile; fileRef = 8ABD797C28029479005167D5 /* DBHelper.swift */; };
		A76EB415242A73F400F51227 /* AppDelegate.swift in Sources */ = {isa = PBXBuildFile; fileRef = A76EB414242A73F400F51227 /* AppDelegate.swift */; };
		A76EB417242A73F400F51227 /* SceneDelegate.swift in Sources */ = {isa = PBXBuildFile; fileRef = A76EB416242A73F400F51227 /* SceneDelegate.swift */; };
		A76EB419242A73F400F51227 /* ViewController.swift in Sources */ = {isa = PBXBuildFile; fileRef = A76EB418242A73F400F51227 /* ViewController.swift */; };
		A76EB41C242A73F400F51227 /* Main.storyboard in Resources */ = {isa = PBXBuildFile; fileRef = A76EB41A242A73F400F51227 /* Main.storyboard */; };
		A76EB41E242A73FE00F51227 /* Assets.xcassets in Resources */ = {isa = PBXBuildFile; fileRef = A76EB41D242A73FE00F51227 /* Assets.xcassets */; };
		A76EB421242A73FE00F51227 /* LaunchScreen.storyboard in Resources */ = {isa = PBXBuildFile; fileRef = A76EB41F242A73FE00F51227 /* LaunchScreen.storyboard */; };
		A76EB429242A743400F51227 /* DrawView.swift in Sources */ = {isa = PBXBuildFile; fileRef = A76EB428242A743400F51227 /* DrawView.swift */; };
		A76EB42B242A754600F51227 /* Curve.swift in Sources */ = {isa = PBXBuildFile; fileRef = A76EB42A242A754600F51227 /* Curve.swift */; };
		A76EB42D242A762200F51227 /* Line.swift in Sources */ = {isa = PBXBuildFile; fileRef = A76EB42C242A762200F51227 /* Line.swift */; };
		A76EB42F242A76DD00F51227 /* TicTacToe.swift in Sources */ = {isa = PBXBuildFile; fileRef = A76EB42E242A76DD00F51227 /* TicTacToe.swift */; };
		A76EB431242A7E3500F51227 /* Player.swift in Sources */ = {isa = PBXBuildFile; fileRef = A76EB430242A7E3500F51227 /* Player.swift */; };
		A7B248C0242B9D4A009341CC /* Math.swift in Sources */ = {isa = PBXBuildFile; fileRef = A7B248BF242B9D4A009341CC /* Math.swift */; };
/* End PBXBuildFile section */

/* Begin PBXFileReference section */
		8ABD797A2802920F005167D5 /* Game.swift */ = {isa = PBXFileReference; lastKnownFileType = sourcecode.swift; path = Game.swift; sourceTree = "<group>"; };
		8ABD797C28029479005167D5 /* DBHelper.swift */ = {isa = PBXFileReference; lastKnownFileType = sourcecode.swift; path = DBHelper.swift; sourceTree = "<group>"; };
		A76EB411242A73F400F51227 /* TicTacToe.app */ = {isa = PBXFileReference; explicitFileType = wrapper.application; includeInIndex = 0; path = TicTacToe.app; sourceTree = BUILT_PRODUCTS_DIR; };
		A76EB414242A73F400F51227 /* AppDelegate.swift */ = {isa = PBXFileReference; lastKnownFileType = sourcecode.swift; path = AppDelegate.swift; sourceTree = "<group>"; };
		A76EB416242A73F400F51227 /* SceneDelegate.swift */ = {isa = PBXFileReference; lastKnownFileType = sourcecode.swift; path = SceneDelegate.swift; sourceTree = "<group>"; };
		A76EB418242A73F400F51227 /* ViewController.swift */ = {isa = PBXFileReference; lastKnownFileType = sourcecode.swift; path = ViewController.swift; sourceTree = "<group>"; };
		A76EB41B242A73F400F51227 /* Base */ = {isa = PBXFileReference; lastKnownFileType = file.storyboard; name = Base; path = Base.lproj/Main.storyboard; sourceTree = "<group>"; };
		A76EB41D242A73FE00F51227 /* Assets.xcassets */ = {isa = PBXFileReference; lastKnownFileType = folder.assetcatalog; path = Assets.xcassets; sourceTree = "<group>"; };
		A76EB420242A73FE00F51227 /* Base */ = {isa = PBXFileReference; lastKnownFileType = file.storyboard; name = Base; path = Base.lproj/LaunchScreen.storyboard; sourceTree = "<group>"; };
		A76EB422242A73FE00F51227 /* Info.plist */ = {isa = PBXFileReference; lastKnownFileType = text.plist.xml; path = Info.plist; sourceTree = "<group>"; };
		A76EB428242A743400F51227 /* DrawView.swift */ = {isa = PBXFileReference; lastKnownFileType = sourcecode.swift; path = DrawView.swift; sourceTree = "<group>"; };
		A76EB42A242A754600F51227 /* Curve.swift */ = {isa = PBXFileReference; lastKnownFileType = sourcecode.swift; path = Curve.swift; sourceTree = "<group>"; };
		A76EB42C242A762200F51227 /* Line.swift */ = {isa = PBXFileReference; lastKnownFileType = sourcecode.swift; path = Line.swift; sourceTree = "<group>"; };
		A76EB42E242A76DD00F51227 /* TicTacToe.swift */ = {isa = PBXFileReference; lastKnownFileType = sourcecode.swift; path = TicTacToe.swift; sourceTree = "<group>"; };
		A76EB430242A7E3500F51227 /* Player.swift */ = {isa = PBXFileReference; lastKnownFileType = sourcecode.swift; path = Player.swift; sourceTree = "<group>"; };
		A7B248BF242B9D4A009341CC /* Math.swift */ = {isa = PBXFileReference; lastKnownFileType = sourcecode.swift; path = Math.swift; sourceTree = "<group>"; };
/* End PBXFileReference section */

/* Begin PBXFrameworksBuildPhase section */
		A76EB40E242A73F400F51227 /* Frameworks */ = {
			isa = PBXFrameworksBuildPhase;
			buildActionMask = 2147483647;
			files = (
			);
			runOnlyForDeploymentPostprocessing = 0;
		};
/* End PBXFrameworksBuildPhase section */

/* Begin PBXGroup section */
		A76EB408242A73F400F51227 = {
			isa = PBXGroup;
			children = (
				A76EB413242A73F400F51227 /* TicTacToe */,
				A76EB412242A73F400F51227 /* Products */,
			);
			sourceTree = "<group>";
		};
		A76EB412242A73F400F51227 /* Products */ = {
			isa = PBXGroup;
			children = (
				A76EB411242A73F400F51227 /* TicTacToe.app */,
			);
			name = Products;
			sourceTree = "<group>";
		};
		A76EB413242A73F400F51227 /* TicTacToe */ = {
			isa = PBXGroup;
			children = (
				A76EB414242A73F400F51227 /* AppDelegate.swift */,
				A76EB416242A73F400F51227 /* SceneDelegate.swift */,
				A76EB418242A73F400F51227 /* ViewController.swift */,
				A76EB41A242A73F400F51227 /* Main.storyboard */,
				A76EB41D242A73FE00F51227 /* Assets.xcassets */,
				A76EB41F242A73FE00F51227 /* LaunchScreen.storyboard */,
				A76EB422242A73FE00F51227 /* Info.plist */,
				A76EB428242A743400F51227 /* DrawView.swift */,
				A76EB42A242A754600F51227 /* Curve.swift */,
				A76EB42C242A762200F51227 /* Line.swift */,
				A76EB42E242A76DD00F51227 /* TicTacToe.swift */,
				A76EB430242A7E3500F51227 /* Player.swift */,
				A7B248BF242B9D4A009341CC /* Math.swift */,
				8ABD797A2802920F005167D5 /* Game.swift */,
				8ABD797C28029479005167D5 /* DBHelper.swift */,
			);
			path = TicTacToe;
			sourceTree = "<group>";
		};
/* End PBXGroup section */

/* Begin PBXNativeTarget section */
		A76EB410242A73F400F51227 /* TicTacToe */ = {
			isa = PBXNativeTarget;
			buildConfigurationList = A76EB425242A73FE00F51227 /* Build configuration list for PBXNativeTarget "TicTacToe" */;
			buildPhases = (
				A76EB40D242A73F400F51227 /* Sources */,
				A76EB40E242A73F400F51227 /* Frameworks */,
				A76EB40F242A73F400F51227 /* Resources */,
			);
			buildRules = (
			);
			dependencies = (
			);
			name = TicTacToe;
			productName = TicTacToe;
			productReference = A76EB411242A73F400F51227 /* TicTacToe.app */;
			productType = "com.apple.product-type.application";
		};
/* End PBXNativeTarget section */

/* Begin PBXProject section */
		A76EB409242A73F400F51227 /* Project object */ = {
			isa = PBXProject;
			attributes = {
				LastSwiftUpdateCheck = 1130;
				LastUpgradeCheck = 1130;
				ORGANIZATIONNAME = COMP2601;
				TargetAttributes = {
					A76EB410242A73F400F51227 = {
						CreatedOnToolsVersion = 11.3.1;
					};
				};
			};
			buildConfigurationList = A76EB40C242A73F400F51227 /* Build configuration list for PBXProject "TicTacToe" */;
			compatibilityVersion = "Xcode 9.3";
			developmentRegion = en;
			hasScannedForEncodings = 0;
			knownRegions = (
				en,
				Base,
			);
			mainGroup = A76EB408242A73F400F51227;
			productRefGroup = A76EB412242A73F400F51227 /* Products */;
			projectDirPath = "";
			projectRoot = "";
			targets = (
				A76EB410242A73F400F51227 /* TicTacToe */,
			);
		};
/* End PBXProject section */

/* Begin PBXResourcesBuildPhase section */
		A76EB40F242A73F400F51227 /* Resources */ = {
			isa = PBXResourcesBuildPhase;
			buildActionMask = 2147483647;
			files = (
				A76EB421242A73FE00F51227 /* LaunchScreen.storyboard in Resources */,
				A76EB41E242A73FE00F51227 /* Assets.xcassets in Resources */,
				A76EB41C242A73F400F51227 /* Main.storyboard in Resources */,
			);
			runOnlyForDeploymentPostprocessing = 0;
		};
/* End PBXResourcesBuildPhase section */

/* Begin PBXSourcesBuildPhase section */
		A76EB40D242A73F400F51227 /* Sources */ = {
			isa = PBXSourcesBuildPhase;
			buildActionMask = 2147483647;
			files = (
				8ABD797D28029479005167D5 /* DBHelper.swift in Sources */,
				A76EB42B242A754600F51227 /* Curve.swift in Sources */,
				8ABD797B2802920F005167D5 /* Game.swift in Sources */,
				A76EB419242A73F400F51227 /* ViewController.swift in Sources */,
				A7B248C0242B9D4A009341CC /* Math.swift in Sources */,
				A76EB415242A73F400F51227 /* AppDelegate.swift in Sources */,
				A76EB42D242A762200F51227 /* Line.swift in Sources */,
				A76EB431242A7E3500F51227 /* Player.swift in Sources */,
				A76EB429242A743400F51227 /* DrawView.swift in Sources */,
				A76EB417242A73F400F51227 /* SceneDelegate.swift in Sources */,
				A76EB42F242A76DD00F51227 /* TicTacToe.swift in Sources */,
			);
			runOnlyForDeploymentPostprocessing = 0;
		};
/* End PBXSourcesBuildPhase section */

/* Begin PBXVariantGroup section */
		A76EB41A242A73F400F51227 /* Main.storyboard */ = {
			isa = PBXVariantGroup;
			children = (
				A76EB41B242A73F400F51227 /* Base */,
			);
			name = Main.storyboard;
			sourceTree = "<group>";
		};
		A76EB41F242A73FE00F51227 /* LaunchScreen.storyboard */ = {
			isa = PBXVariantGroup;
			children = (
				A76EB420242A73FE00F51227 /* Base */,
			);
			name = LaunchScreen.storyboard;
			sourceTree = "<group>";
		};
/* End PBXVariantGroup section */

/* Begin XCBuildConfiguration section */
		A76EB423242A73FE00F51227 /* Debug */ = {
			isa = XCBuildConfiguration;
			buildSettings = {
				ALWAYS_SEARCH_USER_PATHS = NO;
				CLANG_ANALYZER_NONNULL = YES;
				CLANG_ANALYZER_NUMBER_OBJECT_CONVERSION = YES_AGGRESSIVE;
				CLANG_CXX_LANGUAGE_STANDARD = "gnu++14";
				CLANG_CXX_LIBRARY = "libc++";
				CLANG_ENABLE_MODULES = YES;
				CLANG_ENABLE_OBJC_ARC = YES;
				CLANG_ENABLE_OBJC_WEAK = YES;
				CLANG_WARN_BLOCK_CAPTURE_AUTORELEASING = YES;
				CLANG_WARN_BOOL_CONVERSION = YES;
				CLANG_WARN_COMMA = YES;
				CLANG_WARN_CONSTANT_CONVERSION = YES;
				CLANG_WARN_DEPRECATED_OBJC_IMPLEMENTATIONS = YES;
				CLANG_WARN_DIRECT_OBJC_ISA_USAGE = YES_ERROR;
				CLANG_WARN_DOCUMENTATION_COMMENTS = YES;
				CLANG_WARN_EMPTY_BODY = YES;
				CLANG_WARN_ENUM_CONVERSION = YES;
				CLANG_WARN_INFINITE_RECURSION = YES;
				CLANG_WARN_INT_CONVERSION = YES;
				CLANG_WARN_NON_LITERAL_NULL_CONVERSION = YES;
				CLANG_WARN_OBJC_IMPLICIT_RETAIN_SELF = YES;
				CLANG_WARN_OBJC_LITERAL_CONVERSION = YES;
				CLANG_WARN_OBJC_ROOT_CLASS = YES_ERROR;
				CLANG_WARN_RANGE_LOOP_ANALYSIS = YES;
				CLANG_WARN_STRICT_PROTOTYPES = YES;
				CLANG_WARN_SUSPICIOUS_MOVE = YES;
				CLANG_WARN_UNGUARDED_AVAILABILITY = YES_AGGRESSIVE;
				CLANG_WARN_UNREACHABLE_CODE = YES;
				CLANG_WARN__DUPLICATE_METHOD_MATCH = YES;
				COPY_PHASE_STRIP = NO;
				DEBUG_INFORMATION_FORMAT = dwarf;
				ENABLE_STRICT_OBJC_MSGSEND = YES;
				ENABLE_TESTABILITY = YES;
				GCC_C_LANGUAGE_STANDARD = gnu11;
				GCC_DYNAMIC_NO_PIC = NO;
				GCC_NO_COMMON_BLOCKS = YES;
				GCC_OPTIMIZATION_LEVEL = 0;
				GCC_PREPROCESSOR_DEFINITIONS = (
					"DEBUG=1",
					"$(inherited)",
				);
				GCC_WARN_64_TO_32_BIT_CONVERSION = YES;
				GCC_WARN_ABOUT_RETURN_TYPE = YES_ERROR;
				GCC_WARN_UNDECLARED_SELECTOR = YES;
				GCC_WARN_UNINITIALIZED_AUTOS = YES_AGGRESSIVE;
				GCC_WARN_UNUSED_FUNCTION = YES;
				GCC_WARN_UNUSED_VARIABLE = YES;
				IPHONEOS_DEPLOYMENT_TARGET = 13.2;
				MTL_ENABLE_DEBUG_INFO = INCLUDE_SOURCE;
				MTL_FAST_MATH = YES;
				ONLY_ACTIVE_ARCH = YES;
				SDKROOT = iphoneos;
				SWIFT_ACTIVE_COMPILATION_CONDITIONS = DEBUG;
				SWIFT_OPTIMIZATION_LEVEL = "-Onone";
			};
			name = Debug;
		};
		A76EB424242A73FE00F51227 /* Release */ = {
			isa = XCBuildConfiguration;
			buildSettings = {
				ALWAYS_SEARCH_USER_PATHS = NO;
				CLANG_ANALYZER_NONNULL = YES;
				CLANG_ANALYZER_NUMBER_OBJECT_CONVERSION = YES_AGGRESSIVE;
				CLANG_CXX_LANGUAGE_STANDARD = "gnu++14";
				CLANG_CXX_LIBRARY = "libc++";
				CLANG_ENABLE_MODULES = YES;
				CLANG_ENABLE_OBJC_ARC = YES;
				CLANG_ENABLE_OBJC_WEAK = YES;
				CLANG_WARN_BLOCK_CAPTURE_AUTORELEASING = YES;
				CLANG_WARN_BOOL_CONVERSION = YES;
				CLANG_WARN_COMMA = YES;
				CLANG_WARN_CONSTANT_CONVERSION = YES;
				CLANG_WARN_DEPRECATED_OBJC_IMPLEMENTATIONS = YES;
				CLANG_WARN_DIRECT_OBJC_ISA_USAGE = YES_ERROR;
				CLANG_WARN_DOCUMENTATION_COMMENTS = YES;
				CLANG_WARN_EMPTY_BODY = YES;
				CLANG_WARN_ENUM_CONVERSION = YES;
				CLANG_WARN_INFINITE_RECURSION = YES;
				CLANG_WARN_INT_CONVERSION = YES;
				CLANG_WARN_NON_LITERAL_NULL_CONVERSION = YES;
				CLANG_WARN_OBJC_IMPLICIT_RETAIN_SELF = YES;
				CLANG_WARN_OBJC_LITERAL_CONVERSION = YES;
				CLANG_WARN_OBJC_ROOT_CLASS = YES_ERROR;
				CLANG_WARN_RANGE_LOOP_ANALYSIS = YES;
				CLANG_WARN_STRICT_PROTOTYPES = YES;
				CLANG_WARN_SUSPICIOUS_MOVE = YES;
				CLANG_WARN_UNGUARDED_AVAILABILITY = YES_AGGRESSIVE;
				CLANG_WARN_UNREACHABLE_CODE = YES;
				CLANG_WARN__DUPLICATE_METHOD_MATCH = YES;
				COPY_PHASE_STRIP = NO;
				DEBUG_INFORMATION_FORMAT = "dwarf-with-dsym";
				ENABLE_NS_ASSERTIONS = NO;
				ENABLE_STRICT_OBJC_MSGSEND = YES;
				GCC_C_LANGUAGE_STANDARD = gnu11;
				GCC_NO_COMMON_BLOCKS = YES;
				GCC_WARN_64_TO_32_BIT_CONVERSION = YES;
				GCC_WARN_ABOUT_RETURN_TYPE = YES_ERROR;
				GCC_WARN_UNDECLARED_SELECTOR = YES;
				GCC_WARN_UNINITIALIZED_AUTOS = YES_AGGRESSIVE;
				GCC_WARN_UNUSED_FUNCTION = YES;
				GCC_WARN_UNUSED_VARIABLE = YES;
				IPHONEOS_DEPLOYMENT_TARGET = 13.2;
				MTL_ENABLE_DEBUG_INFO = NO;
				MTL_FAST_MATH = YES;
				SDKROOT = iphoneos;
				SWIFT_COMPILATION_MODE = wholemodule;
				SWIFT_OPTIMIZATION_LEVEL = "-O";
				VALIDATE_PRODUCT = YES;
			};
			name = Release;
		};
		A76EB426242A73FE00F51227 /* Debug */ = {
			isa = XCBuildConfiguration;
			buildSettings = {
				ASSETCATALOG_COMPILER_APPICON_NAME = AppIcon;
				CODE_SIGN_STYLE = Automatic;
				INFOPLIST_FILE = TicTacToe/Info.plist;
				LD_RUNPATH_SEARCH_PATHS = (
					"$(inherited)",
					"@executable_path/Frameworks",
				);
				PRODUCT_BUNDLE_IDENTIFIER = com.carleton.2601.TicTacToe;
				PRODUCT_NAME = "$(TARGET_NAME)";
				SWIFT_VERSION = 5.0;
				TARGETED_DEVICE_FAMILY = "1,2";
			};
			name = Debug;
		};
		A76EB427242A73FE00F51227 /* Release */ = {
			isa = XCBuildConfiguration;
			buildSettings = {
				ASSETCATALOG_COMPILER_APPICON_NAME = AppIcon;
				CODE_SIGN_STYLE = Automatic;
				INFOPLIST_FILE = TicTacToe/Info.plist;
				LD_RUNPATH_SEARCH_PATHS = (
					"$(inherited)",
					"@executable_path/Frameworks",
				);
				PRODUCT_BUNDLE_IDENTIFIER = com.carleton.2601.TicTacToe;
				PRODUCT_NAME = "$(TARGET_NAME)";
				SWIFT_VERSION = 5.0;
				TARGETED_DEVICE_FAMILY = "1,2";
			};
			name = Release;
		};
/* End XCBuildConfiguration section */

/* Begin XCConfigurationList section */
		A76EB40C242A73F400F51227 /* Build configuration list for PBXProject "TicTacToe" */ = {
			isa = XCConfigurationList;
			buildConfigurations = (
				A76EB423242A73FE00F51227 /* Debug */,
				A76EB424242A73FE00F51227 /* Release */,
			);
			defaultConfigurationIsVisible = 0;
			defaultConfigurationName = Release;
		};
		A76EB425242A73FE00F51227 /* Build configuration list for PBXNativeTarget "TicTacToe" */ = {
			isa = XCConfigurationList;
			buildConfigurations = (
				A76EB426242A73FE00F51227 /* Debug */,
				A76EB427242A73FE00F51227 /* Release */,
			);
			defaultConfigurationIsVisible = 0;
			defaultConfigurationName = Release;
		};
/* End XCConfigurationList section */
	};
	rootObject = A76EB409242A73F400F51227 /* Project object */;
}
